
Microsoft Visual Studio Solution File, Format Version 12.00
# Visual Studio Version 17
VisualStudioVersion = 17.4.33213.308
MinimumVisualStudioVersion = 10.0.40219.1
Project("{FAE04EC0-301F-11D3-BF4B-00C04F79EFBC}") = "TodoApp", "TodoApp\TodoApp.csproj", "{5F667EB7-6E4E-4513-84D0-74D9E7A10E1B}"
EndProject
Global
	GlobalSection(SolutionConfigurationPlatforms) = preSolution
		Debug|Any CPU = Debug|Any CPU
		Release|Any CPU = Release|Any CPU
	EndGlobalSection
	GlobalSection(ProjectConfigurationPlatforms) = postSolution
		{5F667EB7-6E4E-4513-84D0-74D9E7A10E1B}.Debug|Any CPU.ActiveCfg = Debug|Any CPU
		{5F667EB7-6E4E-4513-84D0-74D9E7A10E1B}.Debug|Any CPU.Build.0 = Debug|Any CPU
		{5F667EB7-6E4E-4513-84D0-74D9E7A10E1B}.Release|Any CPU.ActiveCfg = Release|Any CPU
		{5F667EB7-6E4E-4513-84D0-74D9E7A10E1B}.Release|Any CPU.Build.0 = Release|Any CPU
	EndGlobalSection
	GlobalSection(SolutionProperties) = preSolution
		HideSolutionNode = FALSE
	EndGlobalSection
	GlobalSection(ExtensibilityGlobals) = postSolution
		SolutionGuid = {387ECC35-0CB9-4DE9-BBC2-B7650B53B732}
	EndGlobalSection
EndGlobal
